
Microsoft Visual Studio Solution File, Format Version 12.00
# Visual Studio Version 17
VisualStudioVersion = 17.12.35527.113
MinimumVisualStudioVersion = 10.0.40219.1
Project("{FAE04EC0-301F-11D3-BF4B-00C04F79EFBC}") = "OzcanEnterprise.Api", "OzcanEnterprise.Api\OzcanEnterprise.Api.csproj", "{41BE1529-3788-4A5C-B877-B7364071B163}"
EndProject
Project("{FAE04EC0-301F-11D3-BF4B-00C04F79EFBC}") = "OzcanEnterprise.Library", "OzcanEnterprise.Library\OzcanEnterprise.Library.csproj", "{1686D007-5C1A-4378-BD17-1F2C5B1184B0}"
EndProject
Global
	GlobalSection(SolutionConfigurationPlatforms) = preSolution
		Debug|Any CPU = Debug|Any CPU
		Release|Any CPU = Release|Any CPU
	EndGlobalSection
	GlobalSection(ProjectConfigurationPlatforms) = postSolution
		{41BE1529-3788-4A5C-B877-B7364071B163}.Debug|Any CPU.ActiveCfg = Debug|Any CPU
		{41BE1529-3788-4A5C-B877-B7364071B163}.Debug|Any CPU.Build.0 = Debug|Any CPU
		{41BE1529-3788-4A5C-B877-B7364071B163}.Release|Any CPU.ActiveCfg = Release|Any CPU
		{41BE1529-3788-4A5C-B877-B7364071B163}.Release|Any CPU.Build.0 = Release|Any CPU
		{1686D007-5C1A-4378-BD17-1F2C5B1184B0}.Debug|Any CPU.ActiveCfg = Debug|Any CPU
		{1686D007-5C1A-4378-BD17-1F2C5B1184B0}.Debug|Any CPU.Build.0 = Debug|Any CPU
		{1686D007-5C1A-4378-BD17-1F2C5B1184B0}.Release|Any CPU.ActiveCfg = Release|Any CPU
		{1686D007-5C1A-4378-BD17-1F2C5B1184B0}.Release|Any CPU.Build.0 = Release|Any CPU
	EndGlobalSection
	GlobalSection(SolutionProperties) = preSolution
		HideSolutionNode = FALSE
	EndGlobalSection
EndGlobal
